// !$*UTF8*$!
{
	archiveVersion = 1;
	classes = {
	};
	objectVersion = 50;
	objects = {

/* Begin PBXBuildFile section */
		B44716DB25CFDD7700D09295 /* UIPageViewSwiftUIApp.swift in Sources */ = {isa = PBXBuildFile; fileRef = B44716DA25CFDD7700D09295 /* UIPageViewSwiftUIApp.swift */; };
		B44716DD25CFDD7700D09295 /* ContentView.swift in Sources */ = {isa = PBXBuildFile; fileRef = B44716DC25CFDD7700D09295 /* ContentView.swift */; };
		B44716DF25CFDD7900D09295 /* Assets.xcassets in Resources */ = {isa = PBXBuildFile; fileRef = B44716DE25CFDD7900D09295 /* Assets.xcassets */; };
		B44716E225CFDD7900D09295 /* Preview Assets.xcassets in Resources */ = {isa = PBXBuildFile; fileRef = B44716E125CFDD7900D09295 /* Preview Assets.xcassets */; };
		B44716EC25CFDF6100D09295 /* PageViewController.swift in Sources */ = {isa = PBXBuildFile; fileRef = B44716EB25CFDF6100D09295 /* PageViewController.swift */; };
		B44716F025D18B2400D09295 /* ContentViewModel.swift in Sources */ = {isa = PBXBuildFile; fileRef = B44716EF25D18B2400D09295 /* ContentViewModel.swift */; };
		B44716F425D18B5F00D09295 /* ContentInteractor.swift in Sources */ = {isa = PBXBuildFile; fileRef = B44716F325D18B5F00D09295 /* ContentInteractor.swift */; };
		B44716F825D18B6D00D09295 /* ContentProvider.swift in Sources */ = {isa = PBXBuildFile; fileRef = B44716F725D18B6D00D09295 /* ContentProvider.swift */; };
		B44716FD25D18BA500D09295 /* Constants.swift in Sources */ = {isa = PBXBuildFile; fileRef = B44716FC25D18BA500D09295 /* Constants.swift */; };
		B447170225D18BE500D09295 /* BaseProvider.swift in Sources */ = {isa = PBXBuildFile; fileRef = B447170025D18BE400D09295 /* BaseProvider.swift */; };
		B447170325D18BE500D09295 /* GenerProvider.swift in Sources */ = {isa = PBXBuildFile; fileRef = B447170125D18BE500D09295 /* GenerProvider.swift */; };
		B447170725D18C1500D09295 /* MovieEntity.swift in Sources */ = {isa = PBXBuildFile; fileRef = B447170625D18C1500D09295 /* MovieEntity.swift */; };
/* End PBXBuildFile section */

/* Begin PBXFileReference section */
		B44716D725CFDD7700D09295 /* UIPageViewSwiftUI.app */ = {isa = PBXFileReference; explicitFileType = wrapper.application; includeInIndex = 0; path = UIPageViewSwiftUI.app; sourceTree = BUILT_PRODUCTS_DIR; };
		B44716DA25CFDD7700D09295 /* UIPageViewSwiftUIApp.swift */ = {isa = PBXFileReference; lastKnownFileType = sourcecode.swift; path = UIPageViewSwiftUIApp.swift; sourceTree = "<group>"; };
		B44716DC25CFDD7700D09295 /* ContentView.swift */ = {isa = PBXFileReference; lastKnownFileType = sourcecode.swift; path = ContentView.swift; sourceTree = "<group>"; };
		B44716DE25CFDD7900D09295 /* Assets.xcassets */ = {isa = PBXFileReference; lastKnownFileType = folder.assetcatalog; path = Assets.xcassets; sourceTree = "<group>"; };
		B44716E125CFDD7900D09295 /* Preview Assets.xcassets */ = {isa = PBXFileReference; lastKnownFileType = folder.assetcatalog; path = "Preview Assets.xcassets"; sourceTree = "<group>"; };
		B44716E325CFDD7900D09295 /* Info.plist */ = {isa = PBXFileReference; lastKnownFileType = text.plist.xml; path = Info.plist; sourceTree = "<group>"; };
		B44716EB25CFDF6100D09295 /* PageViewController.swift */ = {isa = PBXFileReference; lastKnownFileType = sourcecode.swift; path = PageViewController.swift; sourceTree = "<group>"; };
		B44716EF25D18B2400D09295 /* ContentViewModel.swift */ = {isa = PBXFileReference; lastKnownFileType = sourcecode.swift; path = ContentViewModel.swift; sourceTree = "<group>"; };
		B44716F325D18B5F00D09295 /* ContentInteractor.swift */ = {isa = PBXFileReference; lastKnownFileType = sourcecode.swift; path = ContentInteractor.swift; sourceTree = "<group>"; };
		B44716F725D18B6D00D09295 /* ContentProvider.swift */ = {isa = PBXFileReference; lastKnownFileType = sourcecode.swift; path = ContentProvider.swift; sourceTree = "<group>"; };
		B44716FC25D18BA500D09295 /* Constants.swift */ = {isa = PBXFileReference; lastKnownFileType = sourcecode.swift; name = Constants.swift; path = ../../../NEOLAND_SwiftUI/Constants.swift; sourceTree = "<group>"; };
		B447170025D18BE400D09295 /* BaseProvider.swift */ = {isa = PBXFileReference; fileEncoding = 4; lastKnownFileType = sourcecode.swift; path = BaseProvider.swift; sourceTree = "<group>"; };
		B447170125D18BE500D09295 /* GenerProvider.swift */ = {isa = PBXFileReference; fileEncoding = 4; lastKnownFileType = sourcecode.swift; path = GenerProvider.swift; sourceTree = "<group>"; };
		B447170625D18C1500D09295 /* MovieEntity.swift */ = {isa = PBXFileReference; fileEncoding = 4; lastKnownFileType = sourcecode.swift; path = MovieEntity.swift; sourceTree = "<group>"; };
/* End PBXFileReference section */

/* Begin PBXFrameworksBuildPhase section */
		B44716D425CFDD7700D09295 /* Frameworks */ = {
			isa = PBXFrameworksBuildPhase;
			buildActionMask = 2147483647;
			files = (
			);
			runOnlyForDeploymentPostprocessing = 0;
		};
/* End PBXFrameworksBuildPhase section */

/* Begin PBXGroup section */
		B44716CE25CFDD7700D09295 = {
			isa = PBXGroup;
			children = (
				B44716D925CFDD7700D09295 /* UIPageViewSwiftUI */,
				B44716D825CFDD7700D09295 /* Products */,
			);
			sourceTree = "<group>";
		};
		B44716D825CFDD7700D09295 /* Products */ = {
			isa = PBXGroup;
			children = (
				B44716D725CFDD7700D09295 /* UIPageViewSwiftUI.app */,
			);
			name = Products;
			sourceTree = "<group>";
		};
		B44716D925CFDD7700D09295 /* UIPageViewSwiftUI */ = {
			isa = PBXGroup;
			children = (
				B447170525D18C0200D09295 /* Model */,
				B44716FF25D18BCA00D09295 /* Core */,
				B44716FB25D18B9B00D09295 /* Utils */,
				B44716F225D18B3F00D09295 /* Module */,
				B44716EA25CFDF3B00D09295 /* Components */,
				B44716DA25CFDD7700D09295 /* UIPageViewSwiftUIApp.swift */,
				B44716DE25CFDD7900D09295 /* Assets.xcassets */,
				B44716E325CFDD7900D09295 /* Info.plist */,
				B44716E025CFDD7900D09295 /* Preview Content */,
			);
			path = UIPageViewSwiftUI;
			sourceTree = "<group>";
		};
		B44716E025CFDD7900D09295 /* Preview Content */ = {
			isa = PBXGroup;
			children = (
				B44716E125CFDD7900D09295 /* Preview Assets.xcassets */,
			);
			path = "Preview Content";
			sourceTree = "<group>";
		};
		B44716EA25CFDF3B00D09295 /* Components */ = {
			isa = PBXGroup;
			children = (
				B44716EB25CFDF6100D09295 /* PageViewController.swift */,
			);
			path = Components;
			sourceTree = "<group>";
		};
		B44716F225D18B3F00D09295 /* Module */ = {
			isa = PBXGroup;
			children = (
				B44716EF25D18B2400D09295 /* ContentViewModel.swift */,
				B44716F325D18B5F00D09295 /* ContentInteractor.swift */,
				B44716F725D18B6D00D09295 /* ContentProvider.swift */,
				B44716DC25CFDD7700D09295 /* ContentView.swift */,
			);
			path = Module;
			sourceTree = "<group>";
		};
		B44716FB25D18B9B00D09295 /* Utils */ = {
			isa = PBXGroup;
			children = (
				B44716FC25D18BA500D09295 /* Constants.swift */,
			);
			path = Utils;
			sourceTree = "<group>";
		};
		B44716FF25D18BCA00D09295 /* Core */ = {
			isa = PBXGroup;
			children = (
				B447170025D18BE400D09295 /* BaseProvider.swift */,
				B447170125D18BE500D09295 /* GenerProvider.swift */,
			);
			path = Core;
			sourceTree = "<group>";
		};
		B447170525D18C0200D09295 /* Model */ = {
			isa = PBXGroup;
			children = (
				B447170625D18C1500D09295 /* MovieEntity.swift */,
			);
			path = Model;
			sourceTree = "<group>";
		};
/* End PBXGroup section */

/* Begin PBXNativeTarget section */
		B44716D625CFDD7700D09295 /* UIPageViewSwiftUI */ = {
			isa = PBXNativeTarget;
			buildConfigurationList = B44716E625CFDD7900D09295 /* Build configuration list for PBXNativeTarget "UIPageViewSwiftUI" */;
			buildPhases = (
				B44716D325CFDD7700D09295 /* Sources */,
				B44716D425CFDD7700D09295 /* Frameworks */,
				B44716D525CFDD7700D09295 /* Resources */,
			);
			buildRules = (
			);
			dependencies = (
			);
			name = UIPageViewSwiftUI;
			productName = UIPageViewSwiftUI;
			productReference = B44716D725CFDD7700D09295 /* UIPageViewSwiftUI.app */;
			productType = "com.apple.product-type.application";
		};
/* End PBXNativeTarget section */

/* Begin PBXProject section */
		B44716CF25CFDD7700D09295 /* Project object */ = {
			isa = PBXProject;
			attributes = {
				LastSwiftUpdateCheck = 1230;
				LastUpgradeCheck = 1230;
				TargetAttributes = {
					B44716D625CFDD7700D09295 = {
						CreatedOnToolsVersion = 12.3;
					};
				};
			};
			buildConfigurationList = B44716D225CFDD7700D09295 /* Build configuration list for PBXProject "UIPageViewSwiftUI" */;
			compatibilityVersion = "Xcode 9.3";
			developmentRegion = en;
			hasScannedForEncodings = 0;
			knownRegions = (
				en,
				Base,
			);
			mainGroup = B44716CE25CFDD7700D09295;
			productRefGroup = B44716D825CFDD7700D09295 /* Products */;
			projectDirPath = "";
			projectRoot = "";
			targets = (
				B44716D625CFDD7700D09295 /* UIPageViewSwiftUI */,
			);
		};
/* End PBXProject section */

/* Begin PBXResourcesBuildPhase section */
		B44716D525CFDD7700D09295 /* Resources */ = {
			isa = PBXResourcesBuildPhase;
			buildActionMask = 2147483647;
			files = (
				B44716E225CFDD7900D09295 /* Preview Assets.xcassets in Resources */,
				B44716DF25CFDD7900D09295 /* Assets.xcassets in Resources */,
			);
			runOnlyForDeploymentPostprocessing = 0;
		};
/* End PBXResourcesBuildPhase section */

/* Begin PBXSourcesBuildPhase section */
		B44716D325CFDD7700D09295 /* Sources */ = {
			isa = PBXSourcesBuildPhase;
			buildActionMask = 2147483647;
			files = (
				B44716F825D18B6D00D09295 /* ContentProvider.swift in Sources */,
				B447170725D18C1500D09295 /* MovieEntity.swift in Sources */,
				B44716F425D18B5F00D09295 /* ContentInteractor.swift in Sources */,
				B447170325D18BE500D09295 /* GenerProvider.swift in Sources */,
				B44716F025D18B2400D09295 /* ContentViewModel.swift in Sources */,
				B447170225D18BE500D09295 /* BaseProvider.swift in Sources */,
				B44716EC25CFDF6100D09295 /* PageViewController.swift in Sources */,
				B44716FD25D18BA500D09295 /* Constants.swift in Sources */,
				B44716DD25CFDD7700D09295 /* ContentView.swift in Sources */,
				B44716DB25CFDD7700D09295 /* UIPageViewSwiftUIApp.swift in Sources */,
			);
			runOnlyForDeploymentPostprocessing = 0;
		};
/* End PBXSourcesBuildPhase section */

/* Begin XCBuildConfiguration section */
		B44716E425CFDD7900D09295 /* Debug */ = {
			isa = XCBuildConfiguration;
			buildSettings = {
				ALWAYS_SEARCH_USER_PATHS = NO;
				CLANG_ANALYZER_NONNULL = YES;
				CLANG_ANALYZER_NUMBER_OBJECT_CONVERSION = YES_AGGRESSIVE;
				CLANG_CXX_LANGUAGE_STANDARD = "gnu++14";
				CLANG_CXX_LIBRARY = "libc++";
				CLANG_ENABLE_MODULES = YES;
				CLANG_ENABLE_OBJC_ARC = YES;
				CLANG_ENABLE_OBJC_WEAK = YES;
				CLANG_WARN_BLOCK_CAPTURE_AUTORELEASING = YES;
				CLANG_WARN_BOOL_CONVERSION = YES;
				CLANG_WARN_COMMA = YES;
				CLANG_WARN_CONSTANT_CONVERSION = YES;
				CLANG_WARN_DEPRECATED_OBJC_IMPLEMENTATIONS = YES;
				CLANG_WARN_DIRECT_OBJC_ISA_USAGE = YES_ERROR;
				CLANG_WARN_DOCUMENTATION_COMMENTS = YES;
				CLANG_WARN_EMPTY_BODY = YES;
				CLANG_WARN_ENUM_CONVERSION = YES;
				CLANG_WARN_INFINITE_RECURSION = YES;
				CLANG_WARN_INT_CONVERSION = YES;
				CLANG_WARN_NON_LITERAL_NULL_CONVERSION = YES;
				CLANG_WARN_OBJC_IMPLICIT_RETAIN_SELF = YES;
				CLANG_WARN_OBJC_LITERAL_CONVERSION = YES;
				CLANG_WARN_OBJC_ROOT_CLASS = YES_ERROR;
				CLANG_WARN_QUOTED_INCLUDE_IN_FRAMEWORK_HEADER = YES;
				CLANG_WARN_RANGE_LOOP_ANALYSIS = YES;
				CLANG_WARN_STRICT_PROTOTYPES = YES;
				CLANG_WARN_SUSPICIOUS_MOVE = YES;
				CLANG_WARN_UNGUARDED_AVAILABILITY = YES_AGGRESSIVE;
				CLANG_WARN_UNREACHABLE_CODE = YES;
				CLANG_WARN__DUPLICATE_METHOD_MATCH = YES;
				COPY_PHASE_STRIP = NO;
				DEBUG_INFORMATION_FORMAT = dwarf;
				ENABLE_STRICT_OBJC_MSGSEND = YES;
				ENABLE_TESTABILITY = YES;
				GCC_C_LANGUAGE_STANDARD = gnu11;
				GCC_DYNAMIC_NO_PIC = NO;
				GCC_NO_COMMON_BLOCKS = YES;
				GCC_OPTIMIZATION_LEVEL = 0;
				GCC_PREPROCESSOR_DEFINITIONS = (
					"DEBUG=1",
					"$(inherited)",
				);
				GCC_WARN_64_TO_32_BIT_CONVERSION = YES;
				GCC_WARN_ABOUT_RETURN_TYPE = YES_ERROR;
				GCC_WARN_UNDECLARED_SELECTOR = YES;
				GCC_WARN_UNINITIALIZED_AUTOS = YES_AGGRESSIVE;
				GCC_WARN_UNUSED_FUNCTION = YES;
				GCC_WARN_UNUSED_VARIABLE = YES;
				IPHONEOS_DEPLOYMENT_TARGET = 14.3;
				MTL_ENABLE_DEBUG_INFO = INCLUDE_SOURCE;
				MTL_FAST_MATH = YES;
				ONLY_ACTIVE_ARCH = YES;
				SDKROOT = iphoneos;
				SWIFT_ACTIVE_COMPILATION_CONDITIONS = DEBUG;
				SWIFT_OPTIMIZATION_LEVEL = "-Onone";
			};
			name = Debug;
		};
		B44716E525CFDD7900D09295 /* Release */ = {
			isa = XCBuildConfiguration;
			buildSettings = {
				ALWAYS_SEARCH_USER_PATHS = NO;
				CLANG_ANALYZER_NONNULL = YES;
				CLANG_ANALYZER_NUMBER_OBJECT_CONVERSION = YES_AGGRESSIVE;
				CLANG_CXX_LANGUAGE_STANDARD = "gnu++14";
				CLANG_CXX_LIBRARY = "libc++";
				CLANG_ENABLE_MODULES = YES;
				CLANG_ENABLE_OBJC_ARC = YES;
				CLANG_ENABLE_OBJC_WEAK = YES;
				CLANG_WARN_BLOCK_CAPTURE_AUTORELEASING = YES;
				CLANG_WARN_BOOL_CONVERSION = YES;
				CLANG_WARN_COMMA = YES;
				CLANG_WARN_CONSTANT_CONVERSION = YES;
				CLANG_WARN_DEPRECATED_OBJC_IMPLEMENTATIONS = YES;
				CLANG_WARN_DIRECT_OBJC_ISA_USAGE = YES_ERROR;
				CLANG_WARN_DOCUMENTATION_COMMENTS = YES;
				CLANG_WARN_EMPTY_BODY = YES;
				CLANG_WARN_ENUM_CONVERSION = YES;
				CLANG_WARN_INFINITE_RECURSION = YES;
				CLANG_WARN_INT_CONVERSION = YES;
				CLANG_WARN_NON_LITERAL_NULL_CONVERSION = YES;
				CLANG_WARN_OBJC_IMPLICIT_RETAIN_SELF = YES;
				CLANG_WARN_OBJC_LITERAL_CONVERSION = YES;
				CLANG_WARN_OBJC_ROOT_CLASS = YES_ERROR;
				CLANG_WARN_QUOTED_INCLUDE_IN_FRAMEWORK_HEADER = YES;
				CLANG_WARN_RANGE_LOOP_ANALYSIS = YES;
				CLANG_WARN_STRICT_PROTOTYPES = YES;
				CLANG_WARN_SUSPICIOUS_MOVE = YES;
				CLANG_WARN_UNGUARDED_AVAILABILITY = YES_AGGRESSIVE;
				CLANG_WARN_UNREACHABLE_CODE = YES;
				CLANG_WARN__DUPLICATE_METHOD_MATCH = YES;
				COPY_PHASE_STRIP = NO;
				DEBUG_INFORMATION_FORMAT = "dwarf-with-dsym";
				ENABLE_NS_ASSERTIONS = NO;
				ENABLE_STRICT_OBJC_MSGSEND = YES;
				GCC_C_LANGUAGE_STANDARD = gnu11;
				GCC_NO_COMMON_BLOCKS = YES;
				GCC_WARN_64_TO_32_BIT_CONVERSION = YES;
				GCC_WARN_ABOUT_RETURN_TYPE = YES_ERROR;
				GCC_WARN_UNDECLARED_SELECTOR = YES;
				GCC_WARN_UNINITIALIZED_AUTOS = YES_AGGRESSIVE;
				GCC_WARN_UNUSED_FUNCTION = YES;
				GCC_WARN_UNUSED_VARIABLE = YES;
				IPHONEOS_DEPLOYMENT_TARGET = 14.3;
				MTL_ENABLE_DEBUG_INFO = NO;
				MTL_FAST_MATH = YES;
				SDKROOT = iphoneos;
				SWIFT_COMPILATION_MODE = wholemodule;
				SWIFT_OPTIMIZATION_LEVEL = "-O";
				VALIDATE_PRODUCT = YES;
			};
			name = Release;
		};
		B44716E725CFDD7900D09295 /* Debug */ = {
			isa = XCBuildConfiguration;
			buildSettings = {
				ASSETCATALOG_COMPILER_APPICON_NAME = AppIcon;
				ASSETCATALOG_COMPILER_GLOBAL_ACCENT_COLOR_NAME = AccentColor;
				CODE_SIGN_STYLE = Automatic;
				DEVELOPMENT_ASSET_PATHS = "\"UIPageViewSwiftUI/Preview Content\"";
				DEVELOPMENT_TEAM = 2C7W4RF846;
				ENABLE_PREVIEWS = YES;
				INFOPLIST_FILE = UIPageViewSwiftUI/Info.plist;
				IPHONEOS_DEPLOYMENT_TARGET = 14.0;
				LD_RUNPATH_SEARCH_PATHS = (
					"$(inherited)",
					"@executable_path/Frameworks",
				);
				PRODUCT_BUNDLE_IDENTIFIER = com.icologic.co.UIPageViewSwiftUI;
				PRODUCT_NAME = "$(TARGET_NAME)";
				SWIFT_VERSION = 5.0;
				TARGETED_DEVICE_FAMILY = "1,2";
			};
			name = Debug;
		};
		B44716E825CFDD7900D09295 /* Release */ = {
			isa = XCBuildConfiguration;
			buildSettings = {
				ASSETCATALOG_COMPILER_APPICON_NAME = AppIcon;
				ASSETCATALOG_COMPILER_GLOBAL_ACCENT_COLOR_NAME = AccentColor;
				CODE_SIGN_STYLE = Automatic;
				DEVELOPMENT_ASSET_PATHS = "\"UIPageViewSwiftUI/Preview Content\"";
				DEVELOPMENT_TEAM = 2C7W4RF846;
				ENABLE_PREVIEWS = YES;
				INFOPLIST_FILE = UIPageViewSwiftUI/Info.plist;
				IPHONEOS_DEPLOYMENT_TARGET = 14.0;
				LD_RUNPATH_SEARCH_PATHS = (
					"$(inherited)",
					"@executable_path/Frameworks",
				);
				PRODUCT_BUNDLE_IDENTIFIER = com.icologic.co.UIPageViewSwiftUI;
				PRODUCT_NAME = "$(TARGET_NAME)";
				SWIFT_VERSION = 5.0;
				TARGETED_DEVICE_FAMILY = "1,2";
			};
			name = Release;
		};
/* End XCBuildConfiguration section */

/* Begin XCConfigurationList section */
		B44716D225CFDD7700D09295 /* Build configuration list for PBXProject "UIPageViewSwiftUI" */ = {
			isa = XCConfigurationList;
			buildConfigurations = (
				B44716E425CFDD7900D09295 /* Debug */,
				B44716E525CFDD7900D09295 /* Release */,
			);
			defaultConfigurationIsVisible = 0;
			defaultConfigurationName = Release;
		};
		B44716E625CFDD7900D09295 /* Build configuration list for PBXNativeTarget "UIPageViewSwiftUI" */ = {
			isa = XCConfigurationList;
			buildConfigurations = (
				B44716E725CFDD7900D09295 /* Debug */,
				B44716E825CFDD7900D09295 /* Release */,
			);
			defaultConfigurationIsVisible = 0;
			defaultConfigurationName = Release;
		};
/* End XCConfigurationList section */
	};
	rootObject = B44716CF25CFDD7700D09295 /* Project object */;
}
